schema: '2.0'
stages:
  data_ingestion:
    cmd: python src/ObesityRisk/pipeline/stage01_data_ingestion.py
    deps:
    - path: Config/Config.yaml
      hash: md5
      md5: dac338463a389ae3fd560c8b31c55fca
      size: 1148
    - path: src/ObesityRisk/pipeline/stage01_data_ingestion.py
      hash: md5
      md5: 6b6a3b0e60b8711a46a1799372188ee4
      size: 854
    outs:
    - path: artifacts/data_ingestion/data.csv
      hash: md5
      md5: efe6e61a9ec025631cebdb80dc29621b
      size: 2727634
  data_transformation:
    cmd: python src/ObesityRisk/pipeline/stage02_data_transformation.py
    deps:
    - path: artifacts/data_ingestion/data.csv
      hash: md5
      md5: efe6e61a9ec025631cebdb80dc29621b
      size: 2727634
    - path: src/ObesityRisk/pipeline/stage02_data_transformation.py
      hash: md5
      md5: ff57f7ffc74ffe902f5537e1568eebf1
      size: 954
    outs:
    - path: artifacts/data_transformation/test_data.csv
      hash: md5
      md5: 4b153695bffc7a3209502af30bd15b1b
      size: 587845
    - path: artifacts/data_transformation/train_data.csv
      hash: md5
      md5: 0676bb54129a474b5c42e309fcd8cfd7
      size: 2352455
  model_trainer:
    cmd: python src/ObesityRisk/pipeline/stage03_model_trainer.py
    deps:
    - path: artifacts/data_transformation/test_data.csv
      hash: md5
      md5: 4b153695bffc7a3209502af30bd15b1b
      size: 587845
    - path: artifacts/data_transformation/train_data.csv
      hash: md5
      md5: 0676bb54129a474b5c42e309fcd8cfd7
      size: 2352455
    - path: src/ObesityRisk/pipeline/stage03_model_trainer.py
      hash: md5
      md5: 89da68aea33e566ba384c7490e66a19e
      size: 1237
    params:
      params.yaml:
        XgbClassifier:
          grow_policy: depthwise
          n_estimators: 650
          learning_rate: 0.1
          gamma: 0.12
          subsample: 0.52
          colsample_bytree: 0.55
          max_depth: 6
          min_child_weight: 20
          reg_lambda: 4.94
          reg_alpha: 9.19
    outs:
    - path: artifacts/model_trainer/model.pkl
      hash: md5
      md5: 1932a79b2f9b216e67847150cdf2199f
      size: 4274313
    - path: artifacts/model_trainer/preprocessor.pkl
      hash: md5
      md5: 0608e306e2ba5bc0c411d5c7bb31a954
      size: 4079
    - path: artifacts/model_trainer/scaled_test_data.csv
      hash: md5
      md5: 53be4ad5549a10ba8590964c96bb5bd9
      size: 1514111
    - path: artifacts/model_trainer/scaled_train_data.csv
      hash: md5
      md5: f0b63791933c76752b48607dc6285734
      size: 6055613
  model_evaluation:
    cmd: python src/ObesityRisk/pipeline/stage04_model_evaluation.py
    deps:
    - path: artifacts/model_trainer/model.pkl
      hash: md5
      md5: 1932a79b2f9b216e67847150cdf2199f
      size: 4274313
    - path: artifacts/model_trainer/scaled_test_data.csv
      hash: md5
      md5: 53be4ad5549a10ba8590964c96bb5bd9
      size: 1514111
    outs:
    - path: artifacts/model_evaluation/metrics.json
      hash: md5
      md5: 3741b478716e5223a63de5214ba283ff
      size: 46
